// !$*UTF8*$!
{
	archiveVersion = 1;
	classes = {
	};
	objectVersion = 46;
	objects = {

/* Begin PBXBuildFile section */
		E053319A1F55421600B503E8 /* main.m in Sources */ = {isa = PBXBuildFile; fileRef = E05331991F55421600B503E8 /* main.m */; };
		E053319D1F55421600B503E8 /* AppDelegate.m in Sources */ = {isa = PBXBuildFile; fileRef = E053319C1F55421600B503E8 /* AppDelegate.m */; };
		E05331A01F55421600B503E8 /* ViewController.mm in Sources */ = {isa = PBXBuildFile; fileRef = E053319F1F55421600B503E8 /* ViewController.mm */; };
		E05331A31F55421600B503E8 /* Main.storyboard in Resources */ = {isa = PBXBuildFile; fileRef = E05331A11F55421600B503E8 /* Main.storyboard */; };
		E05331A51F55421600B503E8 /* Assets.xcassets in Resources */ = {isa = PBXBuildFile; fileRef = E05331A41F55421600B503E8 /* Assets.xcassets */; };
		E05331A81F55421600B503E8 /* LaunchScreen.storyboard in Resources */ = {isa = PBXBuildFile; fileRef = E05331A61F55421600B503E8 /* LaunchScreen.storyboard */; };
		E07AEB211F5E84C7002FD2D3 /* VideoToolbox.framework in Frameworks */ = {isa = PBXBuildFile; fileRef = E07AEB201F5E84C7002FD2D3 /* VideoToolbox.framework */; };
		E07AEB231F5E8687002FD2D3 /* libz.tbd in Frameworks */ = {isa = PBXBuildFile; fileRef = E07AEB221F5E8687002FD2D3 /* libz.tbd */; };
		E07AEB251F5E8697002FD2D3 /* libbz2.tbd in Frameworks */ = {isa = PBXBuildFile; fileRef = E07AEB241F5E8697002FD2D3 /* libbz2.tbd */; };
		E07AEB271F5E86A6002FD2D3 /* libiconv.tbd in Frameworks */ = {isa = PBXBuildFile; fileRef = E07AEB261F5E86A6002FD2D3 /* libiconv.tbd */; };
		E07AEB2D1F5F8939002FD2D3 /* FlyGLView.m in Sources */ = {isa = PBXBuildFile; fileRef = E07AEB2A1F5F8939002FD2D3 /* FlyGLView.m */; };
		E07AEB2E1F5F8939002FD2D3 /* FlyVideoFrame.m in Sources */ = {isa = PBXBuildFile; fileRef = E07AEB2C1F5F8939002FD2D3 /* FlyVideoFrame.m */; };
		E0B3C4E71F569F8F00F4E680 /* AudioToolbox.framework in Frameworks */ = {isa = PBXBuildFile; fileRef = E0B3C4E61F569F8F00F4E680 /* AudioToolbox.framework */; };
		E0B3C4E91F569FA400F4E680 /* AVFoundation.framework in Frameworks */ = {isa = PBXBuildFile; fileRef = E0B3C4E81F569FA400F4E680 /* AVFoundation.framework */; };
		E0B3C4EB1F569FAF00F4E680 /* OpenAL.framework in Frameworks */ = {isa = PBXBuildFile; fileRef = E0B3C4EA1F569FAF00F4E680 /* OpenAL.framework */; };
		E0B3C4ED1F569FB700F4E680 /* OpenGLES.framework in Frameworks */ = {isa = PBXBuildFile; fileRef = E0B3C4EC1F569FB700F4E680 /* OpenGLES.framework */; };
		E0B3C4F11F56A61A00F4E680 /* libsqlite3.0.tbd in Frameworks */ = {isa = PBXBuildFile; fileRef = E0B3C4F01F56A61A00F4E680 /* libsqlite3.0.tbd */; };
		F566E29F1F985B92002B1E54 /* libavformat.a in Frameworks */ = {isa = PBXBuildFile; fileRef = F566E2911F985B91002B1E54 /* libavformat.a */; };
		F566E2A01F985B92002B1E54 /* libx264.a in Frameworks */ = {isa = PBXBuildFile; fileRef = F566E2921F985B91002B1E54 /* libx264.a */; };
		F566E2A11F985B92002B1E54 /* libavfilter.a in Frameworks */ = {isa = PBXBuildFile; fileRef = F566E2931F985B91002B1E54 /* libavfilter.a */; };
		F566E2A21F985B92002B1E54 /* libpostproc.a in Frameworks */ = {isa = PBXBuildFile; fileRef = F566E2941F985B91002B1E54 /* libpostproc.a */; };
		F566E2A31F985B92002B1E54 /* libcrypto.a in Frameworks */ = {isa = PBXBuildFile; fileRef = F566E2951F985B91002B1E54 /* libcrypto.a */; };
		F566E2A41F985B92002B1E54 /* libzdsdk.a in Frameworks */ = {isa = PBXBuildFile; fileRef = F566E2961F985B91002B1E54 /* libzdsdk.a */; };
		F566E2A51F985B92002B1E54 /* libswscale.a in Frameworks */ = {isa = PBXBuildFile; fileRef = F566E2971F985B91002B1E54 /* libswscale.a */; };
		F566E2A61F985B92002B1E54 /* libssl.a in Frameworks */ = {isa = PBXBuildFile; fileRef = F566E2981F985B91002B1E54 /* libssl.a */; };
		F566E2A71F985B92002B1E54 /* libfdk-aac.a in Frameworks */ = {isa = PBXBuildFile; fileRef = F566E2991F985B91002B1E54 /* libfdk-aac.a */; };
		F566E2A81F985B92002B1E54 /* libavcodec.a in Frameworks */ = {isa = PBXBuildFile; fileRef = F566E29A1F985B91002B1E54 /* libavcodec.a */; };
		F566E2A91F985B92002B1E54 /* libavutil.a in Frameworks */ = {isa = PBXBuildFile; fileRef = F566E29B1F985B91002B1E54 /* libavutil.a */; };
		F566E2AA1F985B92002B1E54 /* libopus.a in Frameworks */ = {isa = PBXBuildFile; fileRef = F566E29C1F985B91002B1E54 /* libopus.a */; };
		F566E2AB1F985B92002B1E54 /* libswresample.a in Frameworks */ = {isa = PBXBuildFile; fileRef = F566E29D1F985B92002B1E54 /* libswresample.a */; };
		F566E2AC1F985B92002B1E54 /* libavdevice.a in Frameworks */ = {isa = PBXBuildFile; fileRef = F566E29E1F985B92002B1E54 /* libavdevice.a */; };
		F566E2B01F985BA6002B1E54 /* libzmm.a in Frameworks */ = {isa = PBXBuildFile; fileRef = F566E2AD1F985BA6002B1E54 /* libzmm.a */; };
		F566E2B11F985BA6002B1E54 /* libuv.a in Frameworks */ = {isa = PBXBuildFile; fileRef = F566E2AE1F985BA6002B1E54 /* libuv.a */; };
		F566E2B21F985BA6002B1E54 /* libzce.a in Frameworks */ = {isa = PBXBuildFile; fileRef = F566E2AF1F985BA6002B1E54 /* libzce.a */; };
		F566E2B61F985C4A002B1E54 /* CoreMedia.framework in Frameworks */ = {isa = PBXBuildFile; fileRef = F566E2B41F985C4A002B1E54 /* CoreMedia.framework */; };
		F566E2B71F985C4A002B1E54 /* CoreVideo.framework in Frameworks */ = {isa = PBXBuildFile; fileRef = F566E2B51F985C4A002B1E54 /* CoreVideo.framework */; };
/* End PBXBuildFile section */

/* Begin PBXFileReference section */
		E05331951F55421600B503E8 /* DemoTherr.app */ = {isa = PBXFileReference; explicitFileType = wrapper.application; includeInIndex = 0; path = DemoTherr.app; sourceTree = BUILT_PRODUCTS_DIR; };
		E05331991F55421600B503E8 /* main.m */ = {isa = PBXFileReference; lastKnownFileType = sourcecode.c.objc; path = main.m; sourceTree = "<group>"; };
		E053319B1F55421600B503E8 /* AppDelegate.h */ = {isa = PBXFileReference; lastKnownFileType = sourcecode.c.h; path = AppDelegate.h; sourceTree = "<group>"; };
		E053319C1F55421600B503E8 /* AppDelegate.m */ = {isa = PBXFileReference; lastKnownFileType = sourcecode.c.objc; path = AppDelegate.m; sourceTree = "<group>"; };
		E053319E1F55421600B503E8 /* ViewController.h */ = {isa = PBXFileReference; lastKnownFileType = sourcecode.c.h; path = ViewController.h; sourceTree = "<group>"; };
		E053319F1F55421600B503E8 /* ViewController.mm */ = {isa = PBXFileReference; lastKnownFileType = sourcecode.cpp.objcpp; path = ViewController.mm; sourceTree = "<group>"; };
		E05331A21F55421600B503E8 /* Base */ = {isa = PBXFileReference; lastKnownFileType = file.storyboard; name = Base; path = Base.lproj/Main.storyboard; sourceTree = "<group>"; };
		E05331A41F55421600B503E8 /* Assets.xcassets */ = {isa = PBXFileReference; lastKnownFileType = folder.assetcatalog; path = Assets.xcassets; sourceTree = "<group>"; };
		E05331A71F55421600B503E8 /* Base */ = {isa = PBXFileReference; lastKnownFileType = file.storyboard; name = Base; path = Base.lproj/LaunchScreen.storyboard; sourceTree = "<group>"; };
		E05331A91F55421600B503E8 /* Info.plist */ = {isa = PBXFileReference; lastKnownFileType = text.plist.xml; path = Info.plist; sourceTree = "<group>"; };
		E07AEB201F5E84C7002FD2D3 /* VideoToolbox.framework */ = {isa = PBXFileReference; lastKnownFileType = wrapper.framework; name = VideoToolbox.framework; path = System/Library/Frameworks/VideoToolbox.framework; sourceTree = SDKROOT; };
		E07AEB221F5E8687002FD2D3 /* libz.tbd */ = {isa = PBXFileReference; lastKnownFileType = "sourcecode.text-based-dylib-definition"; name = libz.tbd; path = usr/lib/libz.tbd; sourceTree = SDKROOT; };
		E07AEB241F5E8697002FD2D3 /* libbz2.tbd */ = {isa = PBXFileReference; lastKnownFileType = "sourcecode.text-based-dylib-definition"; name = libbz2.tbd; path = usr/lib/libbz2.tbd; sourceTree = SDKROOT; };
		E07AEB261F5E86A6002FD2D3 /* libiconv.tbd */ = {isa = PBXFileReference; lastKnownFileType = "sourcecode.text-based-dylib-definition"; name = libiconv.tbd; path = usr/lib/libiconv.tbd; sourceTree = SDKROOT; };
		E07AEB291F5F8939002FD2D3 /* FlyGLView.h */ = {isa = PBXFileReference; fileEncoding = 4; lastKnownFileType = sourcecode.c.h; path = FlyGLView.h; sourceTree = "<group>"; };
		E07AEB2A1F5F8939002FD2D3 /* FlyGLView.m */ = {isa = PBXFileReference; fileEncoding = 4; lastKnownFileType = sourcecode.c.objc; path = FlyGLView.m; sourceTree = "<group>"; };
		E07AEB2B1F5F8939002FD2D3 /* FlyVideoFrame.h */ = {isa = PBXFileReference; fileEncoding = 4; lastKnownFileType = sourcecode.c.h; path = FlyVideoFrame.h; sourceTree = "<group>"; };
		E07AEB2C1F5F8939002FD2D3 /* FlyVideoFrame.m */ = {isa = PBXFileReference; fileEncoding = 4; lastKnownFileType = sourcecode.c.objc; path = FlyVideoFrame.m; sourceTree = "<group>"; };
		E0B3C4E61F569F8F00F4E680 /* AudioToolbox.framework */ = {isa = PBXFileReference; lastKnownFileType = wrapper.framework; name = AudioToolbox.framework; path = System/Library/Frameworks/AudioToolbox.framework; sourceTree = SDKROOT; };
		E0B3C4E81F569FA400F4E680 /* AVFoundation.framework */ = {isa = PBXFileReference; lastKnownFileType = wrapper.framework; name = AVFoundation.framework; path = System/Library/Frameworks/AVFoundation.framework; sourceTree = SDKROOT; };
		E0B3C4EA1F569FAF00F4E680 /* OpenAL.framework */ = {isa = PBXFileReference; lastKnownFileType = wrapper.framework; name = OpenAL.framework; path = System/Library/Frameworks/OpenAL.framework; sourceTree = SDKROOT; };
		E0B3C4EC1F569FB700F4E680 /* OpenGLES.framework */ = {isa = PBXFileReference; lastKnownFileType = wrapper.framework; name = OpenGLES.framework; path = System/Library/Frameworks/OpenGLES.framework; sourceTree = SDKROOT; };
		E0B3C4EE1F56A06900F4E680 /* AudioUnit.framework */ = {isa = PBXFileReference; lastKnownFileType = wrapper.framework; name = AudioUnit.framework; path = System/Library/Frameworks/AudioUnit.framework; sourceTree = SDKROOT; };
		E0B3C4F01F56A61A00F4E680 /* libsqlite3.0.tbd */ = {isa = PBXFileReference; lastKnownFileType = "sourcecode.text-based-dylib-definition"; name = libsqlite3.0.tbd; path = usr/lib/libsqlite3.0.tbd; sourceTree = SDKROOT; };
		F566E2911F985B91002B1E54 /* libavformat.a */ = {isa = PBXFileReference; lastKnownFileType = archive.ar; name = libavformat.a; path = ../lib/ios/libavformat.a; sourceTree = "<group>"; };
		F566E2921F985B91002B1E54 /* libx264.a */ = {isa = PBXFileReference; lastKnownFileType = archive.ar; name = libx264.a; path = ../lib/ios/libx264.a; sourceTree = "<group>"; };
		F566E2931F985B91002B1E54 /* libavfilter.a */ = {isa = PBXFileReference; lastKnownFileType = archive.ar; name = libavfilter.a; path = ../lib/ios/libavfilter.a; sourceTree = "<group>"; };
		F566E2941F985B91002B1E54 /* libpostproc.a */ = {isa = PBXFileReference; lastKnownFileType = archive.ar; name = libpostproc.a; path = ../lib/ios/libpostproc.a; sourceTree = "<group>"; };
		F566E2951F985B91002B1E54 /* libcrypto.a */ = {isa = PBXFileReference; lastKnownFileType = archive.ar; name = libcrypto.a; path = ../lib/ios/libcrypto.a; sourceTree = "<group>"; };
		F566E2961F985B91002B1E54 /* libzdsdk.a */ = {isa = PBXFileReference; lastKnownFileType = archive.ar; name = libzdsdk.a; path = ../lib/ios/libzdsdk.a; sourceTree = "<group>"; };
		F566E2971F985B91002B1E54 /* libswscale.a */ = {isa = PBXFileReference; lastKnownFileType = archive.ar; name = libswscale.a; path = ../lib/ios/libswscale.a; sourceTree = "<group>"; };
		F566E2981F985B91002B1E54 /* libssl.a */ = {isa = PBXFileReference; lastKnownFileType = archive.ar; name = libssl.a; path = ../lib/ios/libssl.a; sourceTree = "<group>"; };
		F566E2991F985B91002B1E54 /* libfdk-aac.a */ = {isa = PBXFileReference; lastKnownFileType = archive.ar; name = "libfdk-aac.a"; path = "../lib/ios/libfdk-aac.a"; sourceTree = "<group>"; };
		F566E29A1F985B91002B1E54 /* libavcodec.a */ = {isa = PBXFileReference; lastKnownFileType = archive.ar; name = libavcodec.a; path = ../lib/ios/libavcodec.a; sourceTree = "<group>"; };
		F566E29B1F985B91002B1E54 /* libavutil.a */ = {isa = PBXFileReference; lastKnownFileType = archive.ar; name = libavutil.a; path = ../lib/ios/libavutil.a; sourceTree = "<group>"; };
		F566E29C1F985B91002B1E54 /* libopus.a */ = {isa = PBXFileReference; lastKnownFileType = archive.ar; name = libopus.a; path = ../lib/ios/libopus.a; sourceTree = "<group>"; };
		F566E29D1F985B92002B1E54 /* libswresample.a */ = {isa = PBXFileReference; lastKnownFileType = archive.ar; name = libswresample.a; path = ../lib/ios/libswresample.a; sourceTree = "<group>"; };
		F566E29E1F985B92002B1E54 /* libavdevice.a */ = {isa = PBXFileReference; lastKnownFileType = archive.ar; name = libavdevice.a; path = ../lib/ios/libavdevice.a; sourceTree = "<group>"; };
		F566E2AD1F985BA6002B1E54 /* libzmm.a */ = {isa = PBXFileReference; lastKnownFileType = archive.ar; name = libzmm.a; path = ../lib/ios/release/libzmm.a; sourceTree = "<group>"; };
		F566E2AE1F985BA6002B1E54 /* libuv.a */ = {isa = PBXFileReference; lastKnownFileType = archive.ar; name = libuv.a; path = ../lib/ios/release/libuv.a; sourceTree = "<group>"; };
		F566E2AF1F985BA6002B1E54 /* libzce.a */ = {isa = PBXFileReference; lastKnownFileType = archive.ar; name = libzce.a; path = ../lib/ios/release/libzce.a; sourceTree = "<group>"; };
		F566E2B41F985C4A002B1E54 /* CoreMedia.framework */ = {isa = PBXFileReference; lastKnownFileType = wrapper.framework; name = CoreMedia.framework; path = System/Library/Frameworks/CoreMedia.framework; sourceTree = SDKROOT; };
		F566E2B51F985C4A002B1E54 /* CoreVideo.framework */ = {isa = PBXFileReference; lastKnownFileType = wrapper.framework; name = CoreVideo.framework; path = System/Library/Frameworks/CoreVideo.framework; sourceTree = SDKROOT; };
/* End PBXFileReference section */

/* Begin PBXFrameworksBuildPhase section */
		E05331921F55421600B503E8 /* Frameworks */ = {
			isa = PBXFrameworksBuildPhase;
			buildActionMask = 2147483647;
			files = (
				F566E2B61F985C4A002B1E54 /* CoreMedia.framework in Frameworks */,
				F566E2B71F985C4A002B1E54 /* CoreVideo.framework in Frameworks */,
				E07AEB211F5E84C7002FD2D3 /* VideoToolbox.framework in Frameworks */,
				F566E2B01F985BA6002B1E54 /* libzmm.a in Frameworks */,
				F566E2B11F985BA6002B1E54 /* libuv.a in Frameworks */,
				F566E2B21F985BA6002B1E54 /* libzce.a in Frameworks */,
				F566E29F1F985B92002B1E54 /* libavformat.a in Frameworks */,
				F566E2A01F985B92002B1E54 /* libx264.a in Frameworks */,
				F566E2A11F985B92002B1E54 /* libavfilter.a in Frameworks */,
				F566E2A21F985B92002B1E54 /* libpostproc.a in Frameworks */,
				F566E2A31F985B92002B1E54 /* libcrypto.a in Frameworks */,
				F566E2A41F985B92002B1E54 /* libzdsdk.a in Frameworks */,
				F566E2A51F985B92002B1E54 /* libswscale.a in Frameworks */,
				F566E2A61F985B92002B1E54 /* libssl.a in Frameworks */,
				F566E2A71F985B92002B1E54 /* libfdk-aac.a in Frameworks */,
				F566E2A81F985B92002B1E54 /* libavcodec.a in Frameworks */,
				F566E2A91F985B92002B1E54 /* libavutil.a in Frameworks */,
				F566E2AA1F985B92002B1E54 /* libopus.a in Frameworks */,
				F566E2AB1F985B92002B1E54 /* libswresample.a in Frameworks */,
				F566E2AC1F985B92002B1E54 /* libavdevice.a in Frameworks */,
				E07AEB271F5E86A6002FD2D3 /* libiconv.tbd in Frameworks */,
				E07AEB251F5E8697002FD2D3 /* libbz2.tbd in Frameworks */,
				E07AEB231F5E8687002FD2D3 /* libz.tbd in Frameworks */,
				E0B3C4F11F56A61A00F4E680 /* libsqlite3.0.tbd in Frameworks */,
				E0B3C4ED1F569FB700F4E680 /* OpenGLES.framework in Frameworks */,
				E0B3C4EB1F569FAF00F4E680 /* OpenAL.framework in Frameworks */,
				E0B3C4E91F569FA400F4E680 /* AVFoundation.framework in Frameworks */,
				E0B3C4E71F569F8F00F4E680 /* AudioToolbox.framework in Frameworks */,
			);
			runOnlyForDeploymentPostprocessing = 0;
		};
/* End PBXFrameworksBuildPhase section */

/* Begin PBXGroup section */
		E053318C1F55421600B503E8 = {
			isa = PBXGroup;
			children = (
				E05331971F55421600B503E8 /* DemoTherr */,
				E05331961F55421600B503E8 /* Products */,
				E0B3C4E51F569F8F00F4E680 /* Frameworks */,
			);
			sourceTree = "<group>";
		};
		E05331961F55421600B503E8 /* Products */ = {
			isa = PBXGroup;
			children = (
				E05331951F55421600B503E8 /* DemoTherr.app */,
			);
			name = Products;
			sourceTree = "<group>";
		};
		E05331971F55421600B503E8 /* DemoTherr */ = {
			isa = PBXGroup;
			children = (
				E053319B1F55421600B503E8 /* AppDelegate.h */,
				E053319C1F55421600B503E8 /* AppDelegate.m */,
				E053319E1F55421600B503E8 /* ViewController.h */,
				E053319F1F55421600B503E8 /* ViewController.mm */,
				E07AEB281F5F8939002FD2D3 /* GLView */,
				E05331A11F55421600B503E8 /* Main.storyboard */,
				E05331A41F55421600B503E8 /* Assets.xcassets */,
				E05331A61F55421600B503E8 /* LaunchScreen.storyboard */,
				E05331A91F55421600B503E8 /* Info.plist */,
				E05331981F55421600B503E8 /* Supporting Files */,
			);
			path = DemoTherr;
			sourceTree = "<group>";
		};
		E05331981F55421600B503E8 /* Supporting Files */ = {
			isa = PBXGroup;
			children = (
				E05331991F55421600B503E8 /* main.m */,
			);
			name = "Supporting Files";
			sourceTree = "<group>";
		};
		E07AEB281F5F8939002FD2D3 /* GLView */ = {
			isa = PBXGroup;
			children = (
				E07AEB291F5F8939002FD2D3 /* FlyGLView.h */,
				E07AEB2A1F5F8939002FD2D3 /* FlyGLView.m */,
				E07AEB2B1F5F8939002FD2D3 /* FlyVideoFrame.h */,
				E07AEB2C1F5F8939002FD2D3 /* FlyVideoFrame.m */,
			);
			path = GLView;
			sourceTree = "<group>";
		};
		E0B3C4E51F569F8F00F4E680 /* Frameworks */ = {
			isa = PBXGroup;
			children = (
				F566E2B41F985C4A002B1E54 /* CoreMedia.framework */,
				F566E2B51F985C4A002B1E54 /* CoreVideo.framework */,
				F566E2AE1F985BA6002B1E54 /* libuv.a */,
				F566E2AF1F985BA6002B1E54 /* libzce.a */,
				F566E2AD1F985BA6002B1E54 /* libzmm.a */,
				F566E29A1F985B91002B1E54 /* libavcodec.a */,
				F566E29E1F985B92002B1E54 /* libavdevice.a */,
				F566E2931F985B91002B1E54 /* libavfilter.a */,
				F566E2911F985B91002B1E54 /* libavformat.a */,
				F566E29B1F985B91002B1E54 /* libavutil.a */,
				F566E2951F985B91002B1E54 /* libcrypto.a */,
				F566E2991F985B91002B1E54 /* libfdk-aac.a */,
				F566E29C1F985B91002B1E54 /* libopus.a */,
				F566E2941F985B91002B1E54 /* libpostproc.a */,
				F566E2981F985B91002B1E54 /* libssl.a */,
				F566E29D1F985B92002B1E54 /* libswresample.a */,
				F566E2971F985B91002B1E54 /* libswscale.a */,
				F566E2921F985B91002B1E54 /* libx264.a */,
				F566E2961F985B91002B1E54 /* libzdsdk.a */,
				E07AEB261F5E86A6002FD2D3 /* libiconv.tbd */,
				E07AEB241F5E8697002FD2D3 /* libbz2.tbd */,
				E07AEB221F5E8687002FD2D3 /* libz.tbd */,
				E07AEB201F5E84C7002FD2D3 /* VideoToolbox.framework */,
				E0B3C4F01F56A61A00F4E680 /* libsqlite3.0.tbd */,
				E0B3C4EE1F56A06900F4E680 /* AudioUnit.framework */,
				E0B3C4EC1F569FB700F4E680 /* OpenGLES.framework */,
				E0B3C4EA1F569FAF00F4E680 /* OpenAL.framework */,
				E0B3C4E81F569FA400F4E680 /* AVFoundation.framework */,
				E0B3C4E61F569F8F00F4E680 /* AudioToolbox.framework */,
			);
			name = Frameworks;
			sourceTree = "<group>";
		};
/* End PBXGroup section */

/* Begin PBXNativeTarget section */
		E05331941F55421600B503E8 /* DemoTherr */ = {
			isa = PBXNativeTarget;
			buildConfigurationList = E05331AC1F55421600B503E8 /* Build configuration list for PBXNativeTarget "DemoTherr" */;
			buildPhases = (
				E05331911F55421600B503E8 /* Sources */,
				E05331921F55421600B503E8 /* Frameworks */,
				E05331931F55421600B503E8 /* Resources */,
			);
			buildRules = (
			);
			dependencies = (
			);
			name = DemoTherr;
			productName = DemoTherr;
			productReference = E05331951F55421600B503E8 /* DemoTherr.app */;
			productType = "com.apple.product-type.application";
		};
/* End PBXNativeTarget section */

/* Begin PBXProject section */
		E053318D1F55421600B503E8 /* Project object */ = {
			isa = PBXProject;
			attributes = {
				LastUpgradeCheck = 0830;
				ORGANIZATIONNAME = dyc;
				TargetAttributes = {
					E05331941F55421600B503E8 = {
						CreatedOnToolsVersion = 8.3.3;
						DevelopmentTeam = 6D66K5AFU4;
						ProvisioningStyle = Automatic;
					};
				};
			};
			buildConfigurationList = E05331901F55421600B503E8 /* Build configuration list for PBXProject "DemoTherr" */;
			compatibilityVersion = "Xcode 3.2";
			developmentRegion = English;
			hasScannedForEncodings = 0;
			knownRegions = (
				en,
				Base,
			);
			mainGroup = E053318C1F55421600B503E8;
			productRefGroup = E05331961F55421600B503E8 /* Products */;
			projectDirPath = "";
			projectRoot = "";
			targets = (
				E05331941F55421600B503E8 /* DemoTherr */,
			);
		};
/* End PBXProject section */

/* Begin PBXResourcesBuildPhase section */
		E05331931F55421600B503E8 /* Resources */ = {
			isa = PBXResourcesBuildPhase;
			buildActionMask = 2147483647;
			files = (
				E05331A81F55421600B503E8 /* LaunchScreen.storyboard in Resources */,
				E05331A51F55421600B503E8 /* Assets.xcassets in Resources */,
				E05331A31F55421600B503E8 /* Main.storyboard in Resources */,
			);
			runOnlyForDeploymentPostprocessing = 0;
		};
/* End PBXResourcesBuildPhase section */

/* Begin PBXSourcesBuildPhase section */
		E05331911F55421600B503E8 /* Sources */ = {
			isa = PBXSourcesBuildPhase;
			buildActionMask = 2147483647;
			files = (
				E05331A01F55421600B503E8 /* ViewController.mm in Sources */,
				E053319D1F55421600B503E8 /* AppDelegate.m in Sources */,
				E053319A1F55421600B503E8 /* main.m in Sources */,
				E07AEB2E1F5F8939002FD2D3 /* FlyVideoFrame.m in Sources */,
				E07AEB2D1F5F8939002FD2D3 /* FlyGLView.m in Sources */,
			);
			runOnlyForDeploymentPostprocessing = 0;
		};
/* End PBXSourcesBuildPhase section */

/* Begin PBXVariantGroup section */
		E05331A11F55421600B503E8 /* Main.storyboard */ = {
			isa = PBXVariantGroup;
			children = (
				E05331A21F55421600B503E8 /* Base */,
			);
			name = Main.storyboard;
			sourceTree = "<group>";
		};
		E05331A61F55421600B503E8 /* LaunchScreen.storyboard */ = {
			isa = PBXVariantGroup;
			children = (
				E05331A71F55421600B503E8 /* Base */,
			);
			name = LaunchScreen.storyboard;
			sourceTree = "<group>";
		};
/* End PBXVariantGroup section */

/* Begin XCBuildConfiguration section */
		E05331AA1F55421600B503E8 /* Debug */ = {
			isa = XCBuildConfiguration;
			buildSettings = {
				ALWAYS_SEARCH_USER_PATHS = NO;
				CLANG_ANALYZER_NONNULL = YES;
				CLANG_ANALYZER_NUMBER_OBJECT_CONVERSION = YES_AGGRESSIVE;
				CLANG_CXX_LANGUAGE_STANDARD = "gnu++0x";
				CLANG_CXX_LIBRARY = "libc++";
				CLANG_ENABLE_MODULES = YES;
				CLANG_ENABLE_OBJC_ARC = YES;
				CLANG_WARN_BOOL_CONVERSION = YES;
				CLANG_WARN_CONSTANT_CONVERSION = YES;
				CLANG_WARN_DIRECT_OBJC_ISA_USAGE = YES_ERROR;
				CLANG_WARN_DOCUMENTATION_COMMENTS = YES;
				CLANG_WARN_EMPTY_BODY = YES;
				CLANG_WARN_ENUM_CONVERSION = YES;
				CLANG_WARN_INFINITE_RECURSION = YES;
				CLANG_WARN_INT_CONVERSION = YES;
				CLANG_WARN_OBJC_ROOT_CLASS = YES_ERROR;
				CLANG_WARN_SUSPICIOUS_MOVE = YES;
				CLANG_WARN_UNREACHABLE_CODE = YES;
				CLANG_WARN__DUPLICATE_METHOD_MATCH = YES;
				"CODE_SIGN_IDENTITY[sdk=iphoneos*]" = "iPhone Developer";
				COPY_PHASE_STRIP = NO;
				DEBUG_INFORMATION_FORMAT = dwarf;
				ENABLE_STRICT_OBJC_MSGSEND = YES;
				ENABLE_TESTABILITY = YES;
				GCC_C_LANGUAGE_STANDARD = gnu99;
				GCC_DYNAMIC_NO_PIC = NO;
				GCC_NO_COMMON_BLOCKS = YES;
				GCC_OPTIMIZATION_LEVEL = 0;
				GCC_PREPROCESSOR_DEFINITIONS = (
					"DEBUG=1",
					"$(inherited)",
				);
				GCC_WARN_64_TO_32_BIT_CONVERSION = YES;
				GCC_WARN_ABOUT_RETURN_TYPE = YES_ERROR;
				GCC_WARN_UNDECLARED_SELECTOR = YES;
				GCC_WARN_UNINITIALIZED_AUTOS = YES_AGGRESSIVE;
				GCC_WARN_UNUSED_FUNCTION = YES;
				GCC_WARN_UNUSED_VARIABLE = YES;
				HEADER_SEARCH_PATHS = "";
				IPHONEOS_DEPLOYMENT_TARGET = 10.3;
				LIBRARY_SEARCH_PATHS = "";
				MTL_ENABLE_DEBUG_INFO = YES;
				ONLY_ACTIVE_ARCH = YES;
				OTHER_LDFLAGS = "";
				SDKROOT = iphoneos;
				TARGETED_DEVICE_FAMILY = "1,2";
			};
			name = Debug;
		};
		E05331AB1F55421600B503E8 /* Release */ = {
			isa = XCBuildConfiguration;
			buildSettings = {
				ALWAYS_SEARCH_USER_PATHS = NO;
				CLANG_ANALYZER_NONNULL = YES;
				CLANG_ANALYZER_NUMBER_OBJECT_CONVERSION = YES_AGGRESSIVE;
				CLANG_CXX_LANGUAGE_STANDARD = "gnu++0x";
				CLANG_CXX_LIBRARY = "libc++";
				CLANG_ENABLE_MODULES = YES;
				CLANG_ENABLE_OBJC_ARC = YES;
				CLANG_WARN_BOOL_CONVERSION = YES;
				CLANG_WARN_CONSTANT_CONVERSION = YES;
				CLANG_WARN_DIRECT_OBJC_ISA_USAGE = YES_ERROR;
				CLANG_WARN_DOCUMENTATION_COMMENTS = YES;
				CLANG_WARN_EMPTY_BODY = YES;
				CLANG_WARN_ENUM_CONVERSION = YES;
				CLANG_WARN_INFINITE_RECURSION = YES;
				CLANG_WARN_INT_CONVERSION = YES;
				CLANG_WARN_OBJC_ROOT_CLASS = YES_ERROR;
				CLANG_WARN_SUSPICIOUS_MOVE = YES;
				CLANG_WARN_UNREACHABLE_CODE = YES;
				CLANG_WARN__DUPLICATE_METHOD_MATCH = YES;
				"CODE_SIGN_IDENTITY[sdk=iphoneos*]" = "iPhone Developer";
				COPY_PHASE_STRIP = NO;
				DEBUG_INFORMATION_FORMAT = "dwarf-with-dsym";
				ENABLE_NS_ASSERTIONS = NO;
				ENABLE_STRICT_OBJC_MSGSEND = YES;
				GCC_C_LANGUAGE_STANDARD = gnu99;
				GCC_NO_COMMON_BLOCKS = YES;
				GCC_WARN_64_TO_32_BIT_CONVERSION = YES;
				GCC_WARN_ABOUT_RETURN_TYPE = YES_ERROR;
				GCC_WARN_UNDECLARED_SELECTOR = YES;
				GCC_WARN_UNINITIALIZED_AUTOS = YES_AGGRESSIVE;
				GCC_WARN_UNUSED_FUNCTION = YES;
				GCC_WARN_UNUSED_VARIABLE = YES;
				HEADER_SEARCH_PATHS = "";
				IPHONEOS_DEPLOYMENT_TARGET = 10.3;
				LIBRARY_SEARCH_PATHS = "";
				MTL_ENABLE_DEBUG_INFO = NO;
				OTHER_LDFLAGS = "";
				SDKROOT = iphoneos;
				TARGETED_DEVICE_FAMILY = "1,2";
				VALIDATE_PRODUCT = YES;
			};
			name = Release;
		};
		E05331AD1F55421600B503E8 /* Debug */ = {
			isa = XCBuildConfiguration;
			buildSettings = {
				ASSETCATALOG_COMPILER_APPICON_NAME = AppIcon;
				DEVELOPMENT_TEAM = 6D66K5AFU4;
				ENABLE_BITCODE = NO;
				HEADER_SEARCH_PATHS = "$(PROJECT_DIR)/../include";
				INFOPLIST_FILE = DemoTherr/Info.plist;
				IPHONEOS_DEPLOYMENT_TARGET = 8.0;
				LD_RUNPATH_SEARCH_PATHS = "$(inherited) @executable_path/Frameworks";
				LIBRARY_SEARCH_PATHS = (
					"$(inherited)",
					"$(PROJECT_DIR)/../lib/ios/",
					"$(PROJECT_DIR)/../lib/ios/release",
				);
				ONLY_ACTIVE_ARCH = YES;
				OTHER_LDFLAGS = (
					"$(inherited)",
					"-ObjC",
				);
				PRODUCT_BUNDLE_IDENTIFIER = com.piupiu.testapp;
				PRODUCT_NAME = "$(TARGET_NAME)";
				TARGETED_DEVICE_FAMILY = "1,2";
			};
			name = Debug;
		};
		E05331AE1F55421600B503E8 /* Release */ = {
			isa = XCBuildConfiguration;
			buildSettings = {
				ASSETCATALOG_COMPILER_APPICON_NAME = AppIcon;
				DEVELOPMENT_TEAM = 6D66K5AFU4;
				ENABLE_BITCODE = NO;
				HEADER_SEARCH_PATHS = "$(PROJECT_DIR)/../include";
				INFOPLIST_FILE = DemoTherr/Info.plist;
				IPHONEOS_DEPLOYMENT_TARGET = 8.0;
				LD_RUNPATH_SEARCH_PATHS = "$(inherited) @executable_path/Frameworks";
				LIBRARY_SEARCH_PATHS = (
					"$(inherited)",
					"$(PROJECT_DIR)/../lib/ios/",
					"$(PROJECT_DIR)/../lib/ios/release",
				);
				ONLY_ACTIVE_ARCH = YES;
				OTHER_LDFLAGS = (
					"$(inherited)",
					"-ObjC",
				);
				PRODUCT_BUNDLE_IDENTIFIER = com.piupiu.testapp;
				PRODUCT_NAME = "$(TARGET_NAME)";
				TARGETED_DEVICE_FAMILY = "1,2";
			};
			name = Release;
		};
/* End XCBuildConfiguration section */

/* Begin XCConfigurationList section */
		E05331901F55421600B503E8 /* Build configuration list for PBXProject "DemoTherr" */ = {
			isa = XCConfigurationList;
			buildConfigurations = (
				E05331AA1F55421600B503E8 /* Debug */,
				E05331AB1F55421600B503E8 /* Release */,
			);
			defaultConfigurationIsVisible = 0;
			defaultConfigurationName = Release;
		};
		E05331AC1F55421600B503E8 /* Build configuration list for PBXNativeTarget "DemoTherr" */ = {
			isa = XCConfigurationList;
			buildConfigurations = (
				E05331AD1F55421600B503E8 /* Debug */,
				E05331AE1F55421600B503E8 /* Release */,
			);
			defaultConfigurationIsVisible = 0;
			defaultConfigurationName = Release;
		};
/* End XCConfigurationList section */
	};
	rootObject = E053318D1F55421600B503E8 /* Project object */;
}
